// !$*UTF8*$!
{
	archiveVersion = 1;
	classes = {
	};
	objectVersion = 50;
	objects = {

/* Begin PBXBuildFile section */
		743F6A732663E96500AECA27 /* UIView+Extension.swift in Sources */ = {isa = PBXBuildFile; fileRef = 743F6A722663E96500AECA27 /* UIView+Extension.swift */; };
		743F6A75266413C800AECA27 /* User.swift in Sources */ = {isa = PBXBuildFile; fileRef = 743F6A74266413C800AECA27 /* User.swift */; };
		743F6A7D2664163300AECA27 /* Person.swift in Sources */ = {isa = PBXBuildFile; fileRef = 743F6A7C2664163300AECA27 /* Person.swift */; };
		743F6A7F26641D2700AECA27 /* AboutViewController.swift in Sources */ = {isa = PBXBuildFile; fileRef = 743F6A7E26641D2700AECA27 /* AboutViewController.swift */; };
		747561F0265D827A0080B7EC /* AppDelegate.swift in Sources */ = {isa = PBXBuildFile; fileRef = 747561EF265D827A0080B7EC /* AppDelegate.swift */; };
		747561F2265D827A0080B7EC /* SceneDelegate.swift in Sources */ = {isa = PBXBuildFile; fileRef = 747561F1265D827A0080B7EC /* SceneDelegate.swift */; };
		747561F7265D827A0080B7EC /* Main.storyboard in Resources */ = {isa = PBXBuildFile; fileRef = 747561F5265D827A0080B7EC /* Main.storyboard */; };
		747561F9265D827B0080B7EC /* Assets.xcassets in Resources */ = {isa = PBXBuildFile; fileRef = 747561F8265D827B0080B7EC /* Assets.xcassets */; };
		747561FC265D827B0080B7EC /* LaunchScreen.storyboard in Resources */ = {isa = PBXBuildFile; fileRef = 747561FA265D827B0080B7EC /* LaunchScreen.storyboard */; };
		74756204265D835A0080B7EC /* LoginViewController.swift in Sources */ = {isa = PBXBuildFile; fileRef = 74756203265D835A0080B7EC /* LoginViewController.swift */; };
		74756206265D83720080B7EC /* WelcomeViewController.swift in Sources */ = {isa = PBXBuildFile; fileRef = 74756205265D83720080B7EC /* WelcomeViewController.swift */; };
/* End PBXBuildFile section */

/* Begin PBXFileReference section */
		743F6A722663E96500AECA27 /* UIView+Extension.swift */ = {isa = PBXFileReference; lastKnownFileType = sourcecode.swift; path = "UIView+Extension.swift"; sourceTree = "<group>"; };
		743F6A74266413C800AECA27 /* User.swift */ = {isa = PBXFileReference; lastKnownFileType = sourcecode.swift; path = User.swift; sourceTree = "<group>"; };
		743F6A7C2664163300AECA27 /* Person.swift */ = {isa = PBXFileReference; lastKnownFileType = sourcecode.swift; path = Person.swift; sourceTree = "<group>"; };
		743F6A7E26641D2700AECA27 /* AboutViewController.swift */ = {isa = PBXFileReference; lastKnownFileType = sourcecode.swift; path = AboutViewController.swift; sourceTree = "<group>"; };
		747561EC265D827A0080B7EC /* WelcomeApp.app */ = {isa = PBXFileReference; explicitFileType = wrapper.application; includeInIndex = 0; path = WelcomeApp.app; sourceTree = BUILT_PRODUCTS_DIR; };
		747561EF265D827A0080B7EC /* AppDelegate.swift */ = {isa = PBXFileReference; lastKnownFileType = sourcecode.swift; path = AppDelegate.swift; sourceTree = "<group>"; };
		747561F1265D827A0080B7EC /* SceneDelegate.swift */ = {isa = PBXFileReference; lastKnownFileType = sourcecode.swift; path = SceneDelegate.swift; sourceTree = "<group>"; };
		747561F6265D827A0080B7EC /* Base */ = {isa = PBXFileReference; lastKnownFileType = file.storyboard; name = Base; path = Base.lproj/Main.storyboard; sourceTree = "<group>"; };
		747561F8265D827B0080B7EC /* Assets.xcassets */ = {isa = PBXFileReference; lastKnownFileType = folder.assetcatalog; path = Assets.xcassets; sourceTree = "<group>"; };
		747561FB265D827B0080B7EC /* Base */ = {isa = PBXFileReference; lastKnownFileType = file.storyboard; name = Base; path = Base.lproj/LaunchScreen.storyboard; sourceTree = "<group>"; };
		747561FD265D827B0080B7EC /* Info.plist */ = {isa = PBXFileReference; lastKnownFileType = text.plist.xml; path = Info.plist; sourceTree = "<group>"; };
		74756203265D835A0080B7EC /* LoginViewController.swift */ = {isa = PBXFileReference; lastKnownFileType = sourcecode.swift; path = LoginViewController.swift; sourceTree = "<group>"; };
		74756205265D83720080B7EC /* WelcomeViewController.swift */ = {isa = PBXFileReference; lastKnownFileType = sourcecode.swift; path = WelcomeViewController.swift; sourceTree = "<group>"; };
/* End PBXFileReference section */

/* Begin PBXFrameworksBuildPhase section */
		747561E9265D827A0080B7EC /* Frameworks */ = {
			isa = PBXFrameworksBuildPhase;
			buildActionMask = 2147483647;
			files = (
			);
			runOnlyForDeploymentPostprocessing = 0;
		};
/* End PBXFrameworksBuildPhase section */

/* Begin PBXGroup section */
		743F6A76266413D000AECA27 /* Models */ = {
			isa = PBXGroup;
			children = (
				743F6A74266413C800AECA27 /* User.swift */,
				743F6A7C2664163300AECA27 /* Person.swift */,
			);
			path = Models;
			sourceTree = "<group>";
		};
		743F6A77266413DB00AECA27 /* ViewControllers */ = {
			isa = PBXGroup;
			children = (
				74756203265D835A0080B7EC /* LoginViewController.swift */,
				74756205265D83720080B7EC /* WelcomeViewController.swift */,
				743F6A7E26641D2700AECA27 /* AboutViewController.swift */,
			);
			path = ViewControllers;
			sourceTree = "<group>";
		};
		743F6A79266413FD00AECA27 /* Extension */ = {
			isa = PBXGroup;
			children = (
				743F6A722663E96500AECA27 /* UIView+Extension.swift */,
			);
			path = Extension;
			sourceTree = "<group>";
		};
		743F6A7A2664140600AECA27 /* Storyboards */ = {
			isa = PBXGroup;
			children = (
				747561FA265D827B0080B7EC /* LaunchScreen.storyboard */,
				747561F5265D827A0080B7EC /* Main.storyboard */,
			);
			path = Storyboards;
			sourceTree = "<group>";
		};
		743F6A7B2664143A00AECA27 /* Resources */ = {
			isa = PBXGroup;
			children = (
				747561F8265D827B0080B7EC /* Assets.xcassets */,
				747561FD265D827B0080B7EC /* Info.plist */,
			);
			path = Resources;
			sourceTree = "<group>";
		};
		747561E3265D827A0080B7EC = {
			isa = PBXGroup;
			children = (
				747561EE265D827A0080B7EC /* WelcomeApp */,
				747561ED265D827A0080B7EC /* Products */,
			);
			sourceTree = "<group>";
		};
		747561ED265D827A0080B7EC /* Products */ = {
			isa = PBXGroup;
			children = (
				747561EC265D827A0080B7EC /* WelcomeApp.app */,
			);
			name = Products;
			sourceTree = "<group>";
		};
		747561EE265D827A0080B7EC /* WelcomeApp */ = {
			isa = PBXGroup;
			children = (
				743F6A7B2664143A00AECA27 /* Resources */,
				743F6A7A2664140600AECA27 /* Storyboards */,
				743F6A79266413FD00AECA27 /* Extension */,
				743F6A77266413DB00AECA27 /* ViewControllers */,
				743F6A76266413D000AECA27 /* Models */,
				747561EF265D827A0080B7EC /* AppDelegate.swift */,
				747561F1265D827A0080B7EC /* SceneDelegate.swift */,
			);
			path = WelcomeApp;
			sourceTree = "<group>";
		};
/* End PBXGroup section */

/* Begin PBXNativeTarget section */
		747561EB265D827A0080B7EC /* WelcomeApp */ = {
			isa = PBXNativeTarget;
			buildConfigurationList = 74756200265D827B0080B7EC /* Build configuration list for PBXNativeTarget "WelcomeApp" */;
			buildPhases = (
				747561E8265D827A0080B7EC /* Sources */,
				747561E9265D827A0080B7EC /* Frameworks */,
				747561EA265D827A0080B7EC /* Resources */,
			);
			buildRules = (
			);
			dependencies = (
			);
			name = WelcomeApp;
			productName = WelcomeApp;
			productReference = 747561EC265D827A0080B7EC /* WelcomeApp.app */;
			productType = "com.apple.product-type.application";
		};
/* End PBXNativeTarget section */

/* Begin PBXProject section */
		747561E4265D827A0080B7EC /* Project object */ = {
			isa = PBXProject;
			attributes = {
				LastSwiftUpdateCheck = 1250;
				LastUpgradeCheck = 1250;
				TargetAttributes = {
					747561EB265D827A0080B7EC = {
						CreatedOnToolsVersion = 12.5;
					};
				};
			};
			buildConfigurationList = 747561E7265D827A0080B7EC /* Build configuration list for PBXProject "WelcomeApp" */;
			compatibilityVersion = "Xcode 9.3";
			developmentRegion = en;
			hasScannedForEncodings = 0;
			knownRegions = (
				en,
				Base,
			);
			mainGroup = 747561E3265D827A0080B7EC;
			productRefGroup = 747561ED265D827A0080B7EC /* Products */;
			projectDirPath = "";
			projectRoot = "";
			targets = (
				747561EB265D827A0080B7EC /* WelcomeApp */,
			);
		};
/* End PBXProject section */

/* Begin PBXResourcesBuildPhase section */
		747561EA265D827A0080B7EC /* Resources */ = {
			isa = PBXResourcesBuildPhase;
			buildActionMask = 2147483647;
			files = (
				747561FC265D827B0080B7EC /* LaunchScreen.storyboard in Resources */,
				747561F9265D827B0080B7EC /* Assets.xcassets in Resources */,
				747561F7265D827A0080B7EC /* Main.storyboard in Resources */,
			);
			runOnlyForDeploymentPostprocessing = 0;
		};
/* End PBXResourcesBuildPhase section */

/* Begin PBXSourcesBuildPhase section */
		747561E8265D827A0080B7EC /* Sources */ = {
			isa = PBXSourcesBuildPhase;
			buildActionMask = 2147483647;
			files = (
				74756204265D835A0080B7EC /* LoginViewController.swift in Sources */,
				74756206265D83720080B7EC /* WelcomeViewController.swift in Sources */,
				743F6A75266413C800AECA27 /* User.swift in Sources */,
				747561F0265D827A0080B7EC /* AppDelegate.swift in Sources */,
				743F6A7D2664163300AECA27 /* Person.swift in Sources */,
				743F6A732663E96500AECA27 /* UIView+Extension.swift in Sources */,
				743F6A7F26641D2700AECA27 /* AboutViewController.swift in Sources */,
				747561F2265D827A0080B7EC /* SceneDelegate.swift in Sources */,
			);
			runOnlyForDeploymentPostprocessing = 0;
		};
/* End PBXSourcesBuildPhase section */

/* Begin PBXVariantGroup section */
		747561F5265D827A0080B7EC /* Main.storyboard */ = {
			isa = PBXVariantGroup;
			children = (
				747561F6265D827A0080B7EC /* Base */,
			);
			name = Main.storyboard;
			sourceTree = "<group>";
		};
		747561FA265D827B0080B7EC /* LaunchScreen.storyboard */ = {
			isa = PBXVariantGroup;
			children = (
				747561FB265D827B0080B7EC /* Base */,
			);
			name = LaunchScreen.storyboard;
			sourceTree = "<group>";
		};
/* End PBXVariantGroup section */

/* Begin XCBuildConfiguration section */
		747561FE265D827B0080B7EC /* Debug */ = {
			isa = XCBuildConfiguration;
			buildSettings = {
				ALWAYS_SEARCH_USER_PATHS = NO;
				CLANG_ANALYZER_NONNULL = YES;
				CLANG_ANALYZER_NUMBER_OBJECT_CONVERSION = YES_AGGRESSIVE;
				CLANG_CXX_LANGUAGE_STANDARD = "gnu++14";
				CLANG_CXX_LIBRARY = "libc++";
				CLANG_ENABLE_MODULES = YES;
				CLANG_ENABLE_OBJC_ARC = YES;
				CLANG_ENABLE_OBJC_WEAK = YES;
				CLANG_WARN_BLOCK_CAPTURE_AUTORELEASING = YES;
				CLANG_WARN_BOOL_CONVERSION = YES;
				CLANG_WARN_COMMA = YES;
				CLANG_WARN_CONSTANT_CONVERSION = YES;
				CLANG_WARN_DEPRECATED_OBJC_IMPLEMENTATIONS = YES;
				CLANG_WARN_DIRECT_OBJC_ISA_USAGE = YES_ERROR;
				CLANG_WARN_DOCUMENTATION_COMMENTS = YES;
				CLANG_WARN_EMPTY_BODY = YES;
				CLANG_WARN_ENUM_CONVERSION = YES;
				CLANG_WARN_INFINITE_RECURSION = YES;
				CLANG_WARN_INT_CONVERSION = YES;
				CLANG_WARN_NON_LITERAL_NULL_CONVERSION = YES;
				CLANG_WARN_OBJC_IMPLICIT_RETAIN_SELF = YES;
				CLANG_WARN_OBJC_LITERAL_CONVERSION = YES;
				CLANG_WARN_OBJC_ROOT_CLASS = YES_ERROR;
				CLANG_WARN_QUOTED_INCLUDE_IN_FRAMEWORK_HEADER = YES;
				CLANG_WARN_RANGE_LOOP_ANALYSIS = YES;
				CLANG_WARN_STRICT_PROTOTYPES = YES;
				CLANG_WARN_SUSPICIOUS_MOVE = YES;
				CLANG_WARN_UNGUARDED_AVAILABILITY = YES_AGGRESSIVE;
				CLANG_WARN_UNREACHABLE_CODE = YES;
				CLANG_WARN__DUPLICATE_METHOD_MATCH = YES;
				COPY_PHASE_STRIP = NO;
				DEBUG_INFORMATION_FORMAT = dwarf;
				ENABLE_STRICT_OBJC_MSGSEND = YES;
				ENABLE_TESTABILITY = YES;
				GCC_C_LANGUAGE_STANDARD = gnu11;
				GCC_DYNAMIC_NO_PIC = NO;
				GCC_NO_COMMON_BLOCKS = YES;
				GCC_OPTIMIZATION_LEVEL = 0;
				GCC_PREPROCESSOR_DEFINITIONS = (
					"DEBUG=1",
					"$(inherited)",
				);
				GCC_WARN_64_TO_32_BIT_CONVERSION = YES;
				GCC_WARN_ABOUT_RETURN_TYPE = YES_ERROR;
				GCC_WARN_UNDECLARED_SELECTOR = YES;
				GCC_WARN_UNINITIALIZED_AUTOS = YES_AGGRESSIVE;
				GCC_WARN_UNUSED_FUNCTION = YES;
				GCC_WARN_UNUSED_VARIABLE = YES;
				IPHONEOS_DEPLOYMENT_TARGET = 13.4;
				MTL_ENABLE_DEBUG_INFO = INCLUDE_SOURCE;
				MTL_FAST_MATH = YES;
				ONLY_ACTIVE_ARCH = YES;
				SDKROOT = iphoneos;
				SWIFT_ACTIVE_COMPILATION_CONDITIONS = DEBUG;
				SWIFT_OPTIMIZATION_LEVEL = "-Onone";
			};
			name = Debug;
		};
		747561FF265D827B0080B7EC /* Release */ = {
			isa = XCBuildConfiguration;
			buildSettings = {
				ALWAYS_SEARCH_USER_PATHS = NO;
				CLANG_ANALYZER_NONNULL = YES;
				CLANG_ANALYZER_NUMBER_OBJECT_CONVERSION = YES_AGGRESSIVE;
				CLANG_CXX_LANGUAGE_STANDARD = "gnu++14";
				CLANG_CXX_LIBRARY = "libc++";
				CLANG_ENABLE_MODULES = YES;
				CLANG_ENABLE_OBJC_ARC = YES;
				CLANG_ENABLE_OBJC_WEAK = YES;
				CLANG_WARN_BLOCK_CAPTURE_AUTORELEASING = YES;
				CLANG_WARN_BOOL_CONVERSION = YES;
				CLANG_WARN_COMMA = YES;
				CLANG_WARN_CONSTANT_CONVERSION = YES;
				CLANG_WARN_DEPRECATED_OBJC_IMPLEMENTATIONS = YES;
				CLANG_WARN_DIRECT_OBJC_ISA_USAGE = YES_ERROR;
				CLANG_WARN_DOCUMENTATION_COMMENTS = YES;
				CLANG_WARN_EMPTY_BODY = YES;
				CLANG_WARN_ENUM_CONVERSION = YES;
				CLANG_WARN_INFINITE_RECURSION = YES;
				CLANG_WARN_INT_CONVERSION = YES;
				CLANG_WARN_NON_LITERAL_NULL_CONVERSION = YES;
				CLANG_WARN_OBJC_IMPLICIT_RETAIN_SELF = YES;
				CLANG_WARN_OBJC_LITERAL_CONVERSION = YES;
				CLANG_WARN_OBJC_ROOT_CLASS = YES_ERROR;
				CLANG_WARN_QUOTED_INCLUDE_IN_FRAMEWORK_HEADER = YES;
				CLANG_WARN_RANGE_LOOP_ANALYSIS = YES;
				CLANG_WARN_STRICT_PROTOTYPES = YES;
				CLANG_WARN_SUSPICIOUS_MOVE = YES;
				CLANG_WARN_UNGUARDED_AVAILABILITY = YES_AGGRESSIVE;
				CLANG_WARN_UNREACHABLE_CODE = YES;
				CLANG_WARN__DUPLICATE_METHOD_MATCH = YES;
				COPY_PHASE_STRIP = NO;
				DEBUG_INFORMATION_FORMAT = "dwarf-with-dsym";
				ENABLE_NS_ASSERTIONS = NO;
				ENABLE_STRICT_OBJC_MSGSEND = YES;
				GCC_C_LANGUAGE_STANDARD = gnu11;
				GCC_NO_COMMON_BLOCKS = YES;
				GCC_WARN_64_TO_32_BIT_CONVERSION = YES;
				GCC_WARN_ABOUT_RETURN_TYPE = YES_ERROR;
				GCC_WARN_UNDECLARED_SELECTOR = YES;
				GCC_WARN_UNINITIALIZED_AUTOS = YES_AGGRESSIVE;
				GCC_WARN_UNUSED_FUNCTION = YES;
				GCC_WARN_UNUSED_VARIABLE = YES;
				IPHONEOS_DEPLOYMENT_TARGET = 13.4;
				MTL_ENABLE_DEBUG_INFO = NO;
				MTL_FAST_MATH = YES;
				SDKROOT = iphoneos;
				SWIFT_COMPILATION_MODE = wholemodule;
				SWIFT_OPTIMIZATION_LEVEL = "-O";
				VALIDATE_PRODUCT = YES;
			};
			name = Release;
		};
		74756201265D827B0080B7EC /* Debug */ = {
			isa = XCBuildConfiguration;
			buildSettings = {
				ASSETCATALOG_COMPILER_APPICON_NAME = AppIcon;
				ASSETCATALOG_COMPILER_GLOBAL_ACCENT_COLOR_NAME = AccentColor;
				CODE_SIGN_STYLE = Automatic;
				CURRENT_PROJECT_VERSION = 2;
				DEVELOPMENT_TEAM = 7SDDGHR698;
				INFOPLIST_FILE = WelcomeApp/Info.plist;
				LD_RUNPATH_SEARCH_PATHS = (
					"$(inherited)",
					"@executable_path/Frameworks",
				);
				MARKETING_VERSION = 1.1;
				PRODUCT_BUNDLE_IDENTIFIER = com.kindle.WelcomeAppInfo;
				PRODUCT_NAME = "$(TARGET_NAME)";
				SWIFT_VERSION = 5.0;
				TARGETED_DEVICE_FAMILY = 1;
			};
			name = Debug;
		};
		74756202265D827B0080B7EC /* Release */ = {
			isa = XCBuildConfiguration;
			buildSettings = {
				ASSETCATALOG_COMPILER_APPICON_NAME = AppIcon;
				ASSETCATALOG_COMPILER_GLOBAL_ACCENT_COLOR_NAME = AccentColor;
				CODE_SIGN_STYLE = Automatic;
				CURRENT_PROJECT_VERSION = 2;
				DEVELOPMENT_TEAM = 7SDDGHR698;
				INFOPLIST_FILE = WelcomeApp/Info.plist;
				LD_RUNPATH_SEARCH_PATHS = (
					"$(inherited)",
					"@executable_path/Frameworks",
				);
				MARKETING_VERSION = 1.1;
				PRODUCT_BUNDLE_IDENTIFIER = com.kindle.WelcomeAppInfo;
				PRODUCT_NAME = "$(TARGET_NAME)";
				SWIFT_VERSION = 5.0;
				TARGETED_DEVICE_FAMILY = 1;
			};
			name = Release;
		};
/* End XCBuildConfiguration section */

/* Begin XCConfigurationList section */
		747561E7265D827A0080B7EC /* Build configuration list for PBXProject "WelcomeApp" */ = {
			isa = XCConfigurationList;
			buildConfigurations = (
				747561FE265D827B0080B7EC /* Debug */,
				747561FF265D827B0080B7EC /* Release */,
			);
			defaultConfigurationIsVisible = 0;
			defaultConfigurationName = Release;
		};
		74756200265D827B0080B7EC /* Build configuration list for PBXNativeTarget "WelcomeApp" */ = {
			isa = XCConfigurationList;
			buildConfigurations = (
				74756201265D827B0080B7EC /* Debug */,
				74756202265D827B0080B7EC /* Release */,
			);
			defaultConfigurationIsVisible = 0;
			defaultConfigurationName = Release;
		};
/* End XCConfigurationList section */
	};
	rootObject = 747561E4265D827A0080B7EC /* Project object */;
}
